# This file is automatically @generated by Cargo.
# It is not intended for manual editing.
version = 3

[[package]]
name = "aho-corasick"
version = "0.6.4"
source = "registry+https://github.com/rust-lang/crates.io-index"
checksum = "d6531d44de723825aa81398a6415283229725a00fa30713812ab9323faa82fc4"
dependencies = [
 "memchr",
]

[[package]]
name = "alsa"
version = "0.0.1"
source = "git+https://github.com/plietar/rust-alsa#8c63543fa0ccd971cf15f5675293d19febd6f79e"
dependencies = [
 "libc",
]

[[package]]
name = "arrayvec"
version = "0.4.7"
source = "registry+https://github.com/rust-lang/crates.io-index"
checksum = "a1e964f9e24d588183fcb43503abda40d288c8657dfc27311516ce2f05675aef"
dependencies = [
 "nodrop",
]

[[package]]
name = "base64"
version = "0.5.2"
source = "registry+https://github.com/rust-lang/crates.io-index"
checksum = "30e93c03064e7590d0466209155251b90c22e37fab1daf2771582598b5827557"
dependencies = [
 "byteorder 1.2.2",
]

[[package]]
name = "base64"
version = "0.9.1"
source = "registry+https://github.com/rust-lang/crates.io-index"
checksum = "9263aa6a38da271eec5c91a83ce1e800f093c8535788d403d626d8d5c3f8f007"
dependencies = [
 "byteorder 1.2.2",
 "safemem",
]

[[package]]
name = "bit-set"
version = "0.4.0"
source = "registry+https://github.com/rust-lang/crates.io-index"
checksum = "d9bf6104718e80d7b26a68fdbacff3481cfc05df670821affc7e9cbc1884400c"
dependencies = [
 "bit-vec",
]

[[package]]
name = "bit-vec"
version = "0.4.4"
source = "registry+https://github.com/rust-lang/crates.io-index"
checksum = "02b4ff8b16e6076c3e14220b39fbc1fabb6737522281a388998046859400895f"

[[package]]
name = "bitflags"
version = "0.3.3"
source = "registry+https://github.com/rust-lang/crates.io-index"
checksum = "32866f4d103c4e438b1db1158aa1b1a80ee078e5d77a59a2f906fd62a577389c"

[[package]]
name = "bitflags"
version = "0.7.0"
source = "registry+https://github.com/rust-lang/crates.io-index"
checksum = "aad18937a628ec6abcd26d1489012cc0e18c21798210f491af69ded9b881106d"

[[package]]
name = "bitflags"
version = "1.0.2"
source = "registry+https://github.com/rust-lang/crates.io-index"
checksum = "1b2bf7093258c32e0825b635948de528a5949799dcd61bef39534c8aab95870c"

[[package]]
name = "byteorder"
version = "0.5.3"
source = "registry+https://github.com/rust-lang/crates.io-index"
checksum = "0fc10e8cc6b2580fda3f36eb6dc5316657f812a3df879a44a66fc9f0fdbc4855"

[[package]]
name = "byteorder"
version = "1.2.2"
source = "registry+https://github.com/rust-lang/crates.io-index"
checksum = "73b5bdfe7ee3ad0b99c9801d58807a9dbc9e09196365b0203853b99889ab3c87"

[[package]]
name = "bytes"
version = "0.4.7"
source = "registry+https://github.com/rust-lang/crates.io-index"
checksum = "2f1d50c876fb7545f5f289cd8b2aee3f359d073ae819eed5d6373638e2c61e59"
dependencies = [
 "byteorder 1.2.2",
 "iovec",
]

[[package]]
name = "cfg-if"
version = "0.1.2"
source = "registry+https://github.com/rust-lang/crates.io-index"
checksum = "d4c819a1287eb618df47cc647173c5c4c66ba19d888a6e50d605672aed3140de"

[[package]]
name = "crossbeam-deque"
version = "0.3.0"
source = "registry+https://github.com/rust-lang/crates.io-index"
checksum = "c1bdc73742c36f7f35ebcda81dbb33a7e0d33757d03a06d9ddca762712ec5ea2"
dependencies = [
 "crossbeam-epoch",
 "crossbeam-utils 0.2.2",
]

[[package]]
name = "crossbeam-epoch"
version = "0.4.1"
source = "registry+https://github.com/rust-lang/crates.io-index"
checksum = "9b4e2817eb773f770dcb294127c011e22771899c21d18fce7dd739c0b9832e81"
dependencies = [
 "arrayvec",
 "cfg-if",
 "crossbeam-utils 0.3.2",
 "lazy_static 1.0.0",
 "memoffset",
 "scopeguard",
]

[[package]]
name = "crossbeam-utils"
version = "0.2.2"
source = "registry+https://github.com/rust-lang/crates.io-index"
checksum = "2760899e32a1d58d5abb31129f8fae5de75220bc2176e77ff7c627ae45c918d9"
dependencies = [
 "cfg-if",
]

[[package]]
name = "crossbeam-utils"
version = "0.3.2"
source = "registry+https://github.com/rust-lang/crates.io-index"
checksum = "d636a8b3bcc1b409d7ffd3facef8f21dcb4009626adbd0c5e6c4305c07253c7b"
dependencies = [
 "cfg-if",
]

[[package]]
name = "dns-parser"
version = "0.3.2"
source = "git+https://github.com/plietar/dns-parser#1d3e5a5591bc72eb061c23bd426c4a25f2f73791"
dependencies = [
 "byteorder 0.5.3",
 "matches",
 "quick-error",
]

[[package]]
name = "dns-sd"
version = "0.1.3"
source = "registry+https://github.com/rust-lang/crates.io-index"
checksum = "d748509dea20228f63ba519bf142ce2593396386125b01f5b0d6412dab972087"
dependencies = [
 "libc",
 "pkg-config",
]

[[package]]
name = "dtoa"
version = "0.4.2"
source = "registry+https://github.com/rust-lang/crates.io-index"
checksum = "09c3753c3db574d215cba4ea76018483895d7bff25a31b49ba45db21c48e50ab"

[[package]]
name = "env_logger"
version = "0.4.3"
source = "registry+https://github.com/rust-lang/crates.io-index"
checksum = "3ddf21e73e016298f5cb37d6ef8e8da8e39f91f9ec8b0df44b7deb16a9f8cd5b"
dependencies = [
 "log 0.3.9",
 "regex",
]

[[package]]
name = "error-chain"
version = "0.11.0"
source = "registry+https://github.com/rust-lang/crates.io-index"
checksum = "ff511d5dc435d703f4971bc399647c9bc38e20cb41452e3b9feb4765419ed3f3"

[[package]]
name = "extprim"
version = "1.5.1"
source = "registry+https://github.com/rust-lang/crates.io-index"
checksum = "eb09b6eb24a48a5c57729e4a60980bf538b3662c3bcec04b6c7908d7a0f3d9b9"
dependencies = [
 "num-traits 0.1.43",
 "rand 0.4.2",
 "rustc_version",
 "serde 1.0.43",
]

[[package]]
name = "fuchsia-zircon"
version = "0.3.3"
source = "registry+https://github.com/rust-lang/crates.io-index"
checksum = "2e9763c69ebaae630ba35f74888db465e49e259ba1bc0eda7d06f4a067615d82"
dependencies = [
 "bitflags 1.0.2",
 "fuchsia-zircon-sys",
]

[[package]]
name = "fuchsia-zircon-sys"
version = "0.3.3"
source = "registry+https://github.com/rust-lang/crates.io-index"
checksum = "3dcaa9ae7725d12cdb85b3ad99a434db70b468c09ded17e012d86b5c1010f7a7"

[[package]]
name = "futures"
version = "0.1.21"
source = "registry+https://github.com/rust-lang/crates.io-index"
checksum = "1a70b146671de62ec8c8ed572219ca5d594d9b06c0b364d5e67b722fc559b48c"

[[package]]
name = "futures-cpupool"
version = "0.1.8"
source = "registry+https://github.com/rust-lang/crates.io-index"
checksum = "ab90cde24b3319636588d0c35fe03b1333857621051837ed769faefb4c2162e4"
dependencies = [
 "futures",
 "num_cpus",
]

[[package]]
name = "gcc"
version = "0.3.54"
source = "registry+https://github.com/rust-lang/crates.io-index"
checksum = "5e33ec290da0d127825013597dbdfc28bee4964690c7ce1166cbc2a7bd08b1bb"

[[package]]
name = "getopts"
version = "0.2.17"
source = "registry+https://github.com/rust-lang/crates.io-index"
checksum = "b900c08c1939860ce8b54dc6a89e26e00c04c380fd0e09796799bd7f12861e05"

[[package]]
name = "httparse"
version = "1.2.4"
source = "registry+https://github.com/rust-lang/crates.io-index"
checksum = "c2f407128745b78abc95c0ffbe4e5d37427fdc0d45470710cfef8c44522a2e37"

[[package]]
name = "hyper"
version = "0.11.25"
source = "registry+https://github.com/rust-lang/crates.io-index"
checksum = "549dbb86397490ce69d908425b9beebc85bbaad25157d67479d4995bb56fdf9a"
dependencies = [
 "base64 0.9.1",
 "bytes",
 "futures",
 "futures-cpupool",
 "httparse",
 "iovec",
 "language-tags",
 "log 0.4.1",
 "mime",
 "percent-encoding",
 "relay",
 "time",
 "tokio-core",
 "tokio-io",
 "tokio-proto",
 "tokio-service",
 "unicase",
]

[[package]]
name = "hyper-proxy"
version = "0.4.1"
source = "registry+https://github.com/rust-lang/crates.io-index"
checksum = "44f0925de2747e481e6e477dd212c25e8f745567f02f6182e04d27b97c3fbece"
dependencies = [
 "bytes",
 "futures",
 "hyper",
 "tokio-core",
 "tokio-io",
]

[[package]]
name = "idna"
version = "0.1.4"
source = "registry+https://github.com/rust-lang/crates.io-index"
checksum = "014b298351066f1512874135335d62a789ffe78a9974f94b43ed5621951eaf7d"
dependencies = [
 "matches",
 "unicode-bidi",
 "unicode-normalization",
]

[[package]]
name = "iovec"
version = "0.1.2"
source = "registry+https://github.com/rust-lang/crates.io-index"
checksum = "dbe6e417e7d0975db6512b90796e8ce223145ac4e33c377e4a42882a0e88bb08"
dependencies = [
 "libc",
 "winapi 0.2.8",
]

[[package]]
name = "itoa"
version = "0.3.4"
source = "registry+https://github.com/rust-lang/crates.io-index"
checksum = "8324a32baf01e2ae060e9de58ed0bc2320c9a2833491ee36cd3b4c414de4db8c"

[[package]]
name = "jack"
version = "0.5.7"
source = "registry+https://github.com/rust-lang/crates.io-index"
checksum = "1e15fc592e2e5a74a105ff507083c04db1aa20ba1b90d425362ba000e57422df"
dependencies = [
 "bitflags 0.7.0",
 "jack-sys",
 "lazy_static 1.0.0",
 "libc",
]

[[package]]
name = "jack-sys"
version = "0.2.0"
source = "registry+https://github.com/rust-lang/crates.io-index"
checksum = "c0d4ca501477fd3cd93a36df581046e5d6338ed826cf7e9b8d302603521e6cc3"
dependencies = [
 "lazy_static 1.0.0",
 "libc",
 "libloading",
]

[[package]]
name = "kernel32-sys"
version = "0.2.2"
source = "registry+https://github.com/rust-lang/crates.io-index"
checksum = "7507624b29483431c0ba2d82aece8ca6cdba9382bff4ddd0f7490560c056098d"
dependencies = [
 "winapi 0.2.8",
 "winapi-build",
]

[[package]]
name = "language-tags"
version = "0.2.2"
source = "registry+https://github.com/rust-lang/crates.io-index"
checksum = "a91d884b6667cd606bb5a69aa0c99ba811a115fc68915e7056ec08a46e93199a"

[[package]]
name = "lazy_static"
version = "0.2.11"
source = "registry+https://github.com/rust-lang/crates.io-index"
checksum = "76f033c7ad61445c5b347c7382dd1237847eb1bce590fe50365dcb33d546be73"

[[package]]
name = "lazy_static"
version = "1.0.0"
source = "registry+https://github.com/rust-lang/crates.io-index"
checksum = "c8f31047daa365f19be14b47c29df4f7c3b581832407daabe6ae77397619237d"

[[package]]
name = "lazycell"
version = "0.6.0"
source = "registry+https://github.com/rust-lang/crates.io-index"
checksum = "a6f08839bc70ef4a3fe1d566d5350f519c5912ea86be0df1740a7d247c7fc0ef"

[[package]]
name = "lewton"
version = "0.9.3"
source = "registry+https://github.com/rust-lang/crates.io-index"
checksum = "81d583f12101d36b9c19f85326f3c4e7d3b88d17f1131113e13da056dc0d4437"
dependencies = [
 "byteorder 1.2.2",
 "ogg",
 "smallvec 0.6.5",
]

[[package]]
name = "libc"
version = "0.2.126"
source = "registry+https://github.com/rust-lang/crates.io-index"
checksum = "349d5a591cd28b49e1d1037471617a32ddcda5731b99419008085f72d5a53836"

[[package]]
name = "libloading"
version = "0.4.3"
source = "registry+https://github.com/rust-lang/crates.io-index"
checksum = "fd38073de8f7965d0c17d30546d4bb6da311ab428d1c7a3fc71dff7f9d4979b9"
dependencies = [
 "kernel32-sys",
 "lazy_static 1.0.0",
 "winapi 0.2.8",
]

[[package]]
name = "libpulse-sys"
version = "0.0.0"
source = "registry+https://github.com/rust-lang/crates.io-index"
checksum = "9bb11b06faf883500c1b625cf4453e6c7737e9df9c7ba01df3f84b22b083e4ac"
dependencies = [
 "libc",
]

[[package]]
name = "librespot"
version = "0.1.0"
dependencies = [
 "base64 0.5.2",
 "env_logger",
 "futures",
 "getopts",
 "hyper",
 "librespot-audio",
 "librespot-connect",
 "librespot-core",
 "librespot-metadata",
 "librespot-playback",
 "librespot-protocol",
 "log 0.3.9",
 "num-bigint",
 "protobuf 1.5.1",
 "rand 0.3.22",
 "rpassword",
 "rust-crypto 0.2.36 (registry+https://github.com/rust-lang/crates.io-index)",
 "serde 0.9.15",
 "serde_derive 0.9.15",
 "serde_json",
 "tokio-core",
 "tokio-io",
 "tokio-process",
 "tokio-signal 0.1.5",
 "url",
 "vergen",
]

[[package]]
name = "librespot-audio"
version = "0.1.0"
dependencies = [
 "bit-set",
 "byteorder 1.2.2",
 "futures",
 "lewton",
 "librespot-core",
 "log 0.3.9",
 "num-bigint",
 "num-traits 0.1.43",
 "rust-crypto 0.2.36 (registry+https://github.com/rust-lang/crates.io-index)",
 "tempfile",
 "tremor",
 "vorbis",
]

[[package]]
name = "librespot-connect"
version = "0.1.0"
dependencies = [
 "base64 0.5.2",
 "dns-sd",
 "futures",
 "hyper",
 "librespot-core",
 "librespot-playback",
 "librespot-protocol",
 "log 0.3.9",
 "mdns",
 "num-bigint",
 "protobuf 2.0.5",
 "rand 0.3.22",
 "rust-crypto 0.2.36 (registry+https://github.com/rust-lang/crates.io-index)",
 "serde 0.9.15",
 "serde_derive 0.9.15",
 "serde_json",
 "tokio-core",
 "url",
]

[[package]]
name = "librespot-core"
version = "0.1.0"
dependencies = [
 "base64 0.5.2",
 "byteorder 1.2.2",
 "bytes",
 "error-chain",
 "extprim",
 "futures",
 "httparse",
 "hyper",
 "hyper-proxy",
 "lazy_static 0.2.11",
 "librespot-protocol",
 "log 0.3.9",
 "num-bigint",
 "num-integer",
 "num-traits 0.1.43",
 "protobuf 2.0.5",
 "rand 0.3.22",
 "rpassword",
 "rust-crypto 0.2.36 (registry+https://github.com/rust-lang/crates.io-index)",
 "serde 0.9.15",
 "serde_derive 0.9.15",
 "serde_json",
 "shannon",
 "tokio-core",
 "tokio-io",
 "url",
 "uuid",
 "vergen",
]

[[package]]
name = "librespot-metadata"
version = "0.1.0"
dependencies = [
 "byteorder 1.2.2",
 "futures",
 "librespot-core",
 "librespot-protocol",
 "linear-map",
 "protobuf 2.0.5",
]

[[package]]
name = "librespot-playback"
version = "0.1.0"
dependencies = [
 "alsa",
 "byteorder 1.2.2",
 "futures",
 "jack",
 "libc",
 "libpulse-sys",
 "librespot-audio",
 "librespot-core",
 "librespot-metadata",
 "log 0.3.9",
 "portaudio-rs",
]

[[package]]
name = "librespot-protocol"
version = "0.1.0"
dependencies = [
 "protobuf 2.0.5",
 "protoc-rust",
]

[[package]]
name = "linear-map"
version = "1.2.0"
source = "registry+https://github.com/rust-lang/crates.io-index"
checksum = "bfae20f6b19ad527b550c223fddc3077a547fc70cda94b9b566575423fd303ee"

[[package]]
name = "log"
version = "0.3.9"
source = "registry+https://github.com/rust-lang/crates.io-index"
checksum = "e19e8d5c34a3e0e2223db8e060f9e8264aeeb5c5fc64a4ee9965c062211c024b"
dependencies = [
 "log 0.4.1",
]

[[package]]
name = "log"
version = "0.4.1"
source = "registry+https://github.com/rust-lang/crates.io-index"
checksum = "89f010e843f2b1a31dbd316b3b8d443758bc634bed37aabade59c686d644e0a2"
dependencies = [
 "cfg-if",
]

[[package]]
name = "matches"
version = "0.1.6"
source = "registry+https://github.com/rust-lang/crates.io-index"
checksum = "100aabe6b8ff4e4a7e32c1c13523379802df0772b82466207ac25b013f193376"

[[package]]
name = "mdns"
version = "0.2.0"
source = "git+https://github.com/plietar/rust-mdns#733b2b66d7ad4190e7a752e6e3cfeeb4b0627852"
dependencies = [
 "byteorder 1.2.2",
 "dns-parser",
 "futures",
 "kernel32-sys",
 "libc",
 "log 0.3.9",
 "multimap",
 "net2",
 "nix",
 "rand 0.3.22",
 "socket2 0.2.4",
 "tokio-core",
 "winapi 0.2.8",
]

[[package]]
name = "memchr"
version = "2.0.1"
source = "registry+https://github.com/rust-lang/crates.io-index"
checksum = "796fba70e76612589ed2ce7f45282f5af869e0fdd7cc6199fa1aa1f1d591ba9d"
dependencies = [
 "libc",
]

[[package]]
name = "memoffset"
version = "0.2.1"
source = "registry+https://github.com/rust-lang/crates.io-index"
checksum = "0f9dc261e2b62d7a622bf416ea3c5245cdd5d9a7fcc428c0d06804dfce1775b3"

[[package]]
name = "mime"
version = "0.3.5"
source = "registry+https://github.com/rust-lang/crates.io-index"
checksum = "e2e00e17be181010a91dbfefb01660b17311059dc8c7f48b9017677721e732bd"
dependencies = [
 "unicase",
]

[[package]]
name = "mio"
version = "0.6.14"
source = "registry+https://github.com/rust-lang/crates.io-index"
checksum = "6d771e3ef92d58a8da8df7d6976bfca9371ed1de6619d9d5a5ce5b1f29b85bfe"
dependencies = [
 "fuchsia-zircon",
 "fuchsia-zircon-sys",
 "iovec",
 "kernel32-sys",
 "lazycell",
 "libc",
 "log 0.4.1",
 "miow 0.2.2",
 "net2",
 "slab 0.4.0",
 "winapi 0.2.8",
]

[[package]]
name = "mio-named-pipes"
version = "0.1.6"
source = "registry+https://github.com/rust-lang/crates.io-index"
checksum = "f5e374eff525ce1c5b7687c4cef63943e7686524a387933ad27ca7ec43779cb3"
dependencies = [
 "log 0.4.1",
 "mio",
 "miow 0.3.3",
 "winapi 0.3.4",
]

[[package]]
name = "mio-uds"
version = "0.6.4"
source = "registry+https://github.com/rust-lang/crates.io-index"
checksum = "1731a873077147b626d89cc6c2a0db6288d607496c5d10c0cfcf3adc697ec673"
dependencies = [
 "libc",
 "mio",
]

[[package]]
name = "miow"
version = "0.2.2"
source = "registry+https://github.com/rust-lang/crates.io-index"
checksum = "ebd808424166322d4a38da87083bfddd3ac4c131334ed55856112eb06d46944d"
dependencies = [
 "kernel32-sys",
 "net2",
 "winapi 0.2.8",
 "ws2_32-sys",
]

[[package]]
name = "miow"
version = "0.3.3"
source = "registry+https://github.com/rust-lang/crates.io-index"
checksum = "396aa0f2003d7df8395cb93e09871561ccc3e785f0acb369170e8cc74ddf9226"
dependencies = [
 "socket2 0.3.6",
 "winapi 0.3.4",
]

[[package]]
name = "multimap"
version = "0.3.0"
source = "registry+https://github.com/rust-lang/crates.io-index"
checksum = "9223f4774d08e06185e44e555b9a7561243d387bac49c78a6205c42d6975fbf2"

[[package]]
name = "net2"
version = "0.2.37"
source = "registry+https://github.com/rust-lang/crates.io-index"
checksum = "391630d12b68002ae1e25e8f974306474966550ad82dac6886fb8910c19568ae"
dependencies = [
 "cfg-if",
 "libc",
 "winapi 0.3.4",
]

[[package]]
name = "nix"
version = "0.8.1"
source = "registry+https://github.com/rust-lang/crates.io-index"
checksum = "47e49f6982987135c5e9620ab317623e723bd06738fd85377e8d55f57c8b6487"
dependencies = [
 "bitflags 0.7.0",
 "cfg-if",
 "libc",
 "void",
]

[[package]]
name = "nodrop"
version = "0.1.12"
source = "registry+https://github.com/rust-lang/crates.io-index"
checksum = "9a2228dca57108069a5262f2ed8bd2e82496d2e074a06d1ccc7ce1687b6ae0a2"

[[package]]
name = "num-bigint"
version = "0.1.43"
source = "registry+https://github.com/rust-lang/crates.io-index"
checksum = "81b483ea42927c463e191802e7334556b48e7875297564c0e9951bd3a0ae53e3"
dependencies = [
 "num-integer",
 "num-traits 0.2.2",
 "rand 0.4.2",
 "rustc-serialize",
]

[[package]]
name = "num-integer"
version = "0.1.36"
source = "registry+https://github.com/rust-lang/crates.io-index"
checksum = "f8d26da319fb45674985c78f1d1caf99aa4941f785d384a2ae36d0740bc3e2fe"
dependencies = [
 "num-traits 0.2.2",
]

[[package]]
name = "num-traits"
version = "0.1.43"
source = "registry+https://github.com/rust-lang/crates.io-index"
checksum = "92e5113e9fd4cc14ded8e499429f396a20f98c772a47cc8622a736e1ec843c31"
dependencies = [
 "num-traits 0.2.2",
]

[[package]]
name = "num-traits"
version = "0.2.2"
source = "registry+https://github.com/rust-lang/crates.io-index"
checksum = "dee092fcdf725aee04dd7da1d21debff559237d49ef1cb3e69bcb8ece44c7364"

[[package]]
name = "num_cpus"
version = "1.8.0"
source = "registry+https://github.com/rust-lang/crates.io-index"
checksum = "c51a3322e4bca9d212ad9a158a02abc6934d005490c054a2778df73a70aa0a30"
dependencies = [
 "libc",
]

[[package]]
name = "ogg"
version = "0.7.0"
source = "registry+https://github.com/rust-lang/crates.io-index"
checksum = "d79f1db9148be9d0e174bb3ac890f6030fcb1ed947267c5a91ee4c91b5a91e15"
dependencies = [
 "byteorder 1.2.2",
]

[[package]]
name = "ogg-sys"
version = "0.0.9"
source = "registry+https://github.com/rust-lang/crates.io-index"
checksum = "a95b8c172e17df1a41bf8d666301d3b2c4efeb90d9d0415e2a4dc0668b35fdb2"
dependencies = [
 "gcc",
 "libc",
 "pkg-config",
]

[[package]]
name = "percent-encoding"
version = "1.0.1"
source = "registry+https://github.com/rust-lang/crates.io-index"
checksum = "31010dd2e1ac33d5b46a5b413495239882813e0369f8ed8a5e266f173602f831"

[[package]]
name = "pkg-config"
version = "0.3.11"
source = "registry+https://github.com/rust-lang/crates.io-index"
checksum = "110d5ee3593dbb73f56294327fe5668bcc997897097cbc76b51e7aed3f52452f"

[[package]]
name = "portaudio-rs"
version = "0.3.0"
source = "registry+https://github.com/rust-lang/crates.io-index"
checksum = "029e0ab393b44b2d825efbc755cae51c36be7a99d91356b2052be0ed05836636"
dependencies = [
 "bitflags 0.3.3",
 "libc",
 "portaudio-sys",
]

[[package]]
name = "portaudio-sys"
version = "0.1.1"
source = "registry+https://github.com/rust-lang/crates.io-index"
checksum = "5194a4fa953b4ffd851c320ef6f0484cd7278cb7169ea9d6c433e49b23f7b7f5"
dependencies = [
 "libc",
 "pkg-config",
]

[[package]]
name = "proc-macro2"
version = "0.3.8"
source = "registry+https://github.com/rust-lang/crates.io-index"
checksum = "1b06e2f335f48d24442b35a19df506a835fb3547bc3c06ef27340da9acf5cae7"
dependencies = [
 "unicode-xid 0.1.0",
]

[[package]]
name = "protobuf"
version = "1.5.1"
source = "registry+https://github.com/rust-lang/crates.io-index"
checksum = "40e2484e639dcae0985fc483ad76ce7ad78ee5aa092751d7d538f0b20d76486b"

[[package]]
name = "protobuf"
version = "2.0.5"
source = "registry+https://github.com/rust-lang/crates.io-index"
checksum = "c72f6663900752624f6b9b78d16abfc014caaa17d0002ff991274533cdc06c62"

[[package]]
name = "protobuf-codegen"
version = "2.0.5"
source = "registry+https://github.com/rust-lang/crates.io-index"
checksum = "3b3aabdbe464662cbdf305a7db531fa059aa4368e2dc3a80be3796fcc2f931a6"
dependencies = [
 "protobuf 2.0.5",
]

[[package]]
name = "protoc"
version = "2.0.5"
source = "registry+https://github.com/rust-lang/crates.io-index"
checksum = "2c5b7410824a538229987eced0fd09e20562a10f16fe345a866765e9a598c3fd"
dependencies = [
 "log 0.4.1",
]

[[package]]
name = "protoc-rust"
version = "2.0.5"
source = "registry+https://github.com/rust-lang/crates.io-index"
checksum = "81899fad644d227d07370922d3f80afaf574252137e0cf696961661303c279c0"
dependencies = [
 "protobuf 2.0.5",
 "protobuf-codegen",
 "protoc",
 "tempdir",
]

[[package]]
name = "quick-error"
version = "1.2.1"
source = "registry+https://github.com/rust-lang/crates.io-index"
checksum = "eda5fe9b71976e62bc81b781206aaa076401769b2143379d3eb2118388babac4"

[[package]]
name = "quote"
version = "0.3.15"
source = "registry+https://github.com/rust-lang/crates.io-index"
checksum = "7a6e920b65c65f10b2ae65c831a81a073a89edd28c7cce89475bff467ab4167a"

[[package]]
name = "quote"
version = "0.5.2"
source = "registry+https://github.com/rust-lang/crates.io-index"
checksum = "9949cfe66888ffe1d53e6ec9d9f3b70714083854be20fd5e271b232a017401e8"
dependencies = [
 "proc-macro2",
]

[[package]]
name = "rand"
version = "0.3.22"
source = "registry+https://github.com/rust-lang/crates.io-index"
checksum = "15a732abf9d20f0ad8eeb6f909bf6868722d9a06e1e50802b6a70351f40b4eb1"
dependencies = [
 "fuchsia-zircon",
 "libc",
 "rand 0.4.2",
]

[[package]]
name = "rand"
version = "0.4.2"
source = "registry+https://github.com/rust-lang/crates.io-index"
checksum = "eba5f8cb59cc50ed56be8880a5c7b496bfd9bd26394e176bc67884094145c2c5"
dependencies = [
 "fuchsia-zircon",
 "libc",
 "winapi 0.3.4",
]

[[package]]
name = "redox_syscall"
version = "0.1.40"
source = "registry+https://github.com/rust-lang/crates.io-index"
checksum = "c214e91d3ecf43e9a4e41e578973adeb14b474f2bee858742d127af75a0112b1"

[[package]]
name = "regex"
version = "0.2.10"
source = "registry+https://github.com/rust-lang/crates.io-index"
checksum = "aec3f58d903a7d2a9dc2bf0e41a746f4530e0cab6b615494e058f67a3ef947fb"
dependencies = [
 "aho-corasick",
 "memchr",
 "regex-syntax",
 "thread_local",
 "utf8-ranges",
]

[[package]]
name = "regex-syntax"
version = "0.5.5"
source = "registry+https://github.com/rust-lang/crates.io-index"
checksum = "bd90079345f4a4c3409214734ae220fd773c6f2e8a543d07370c6c1c369cfbfb"
dependencies = [
 "ucd-util",
]

[[package]]
name = "relay"
version = "0.1.1"
source = "registry+https://github.com/rust-lang/crates.io-index"
checksum = "1576e382688d7e9deecea24417e350d3062d97e32e45d70b1cde65994ff1489a"
dependencies = [
 "futures",
]

[[package]]
name = "remove_dir_all"
version = "0.5.1"
source = "registry+https://github.com/rust-lang/crates.io-index"
checksum = "3488ba1b9a2084d38645c4c08276a1752dcbf2c7130d74f1569681ad5d2799c5"
dependencies = [
 "winapi 0.3.4",
]

[[package]]
name = "rpassword"
version = "0.3.1"
source = "registry+https://github.com/rust-lang/crates.io-index"
checksum = "ec4bdede957362ec6fdd550f7e79c6d14cad2bc26b2d062786234c6ee0cb27bb"
dependencies = [
 "kernel32-sys",
 "libc",
 "termios",
 "winapi 0.2.8",
]

[[package]]
name = "rust-crypto"
version = "0.2.36"
source = "registry+https://github.com/rust-lang/crates.io-index"
checksum = "f76d05d3993fd5f4af9434e8e436db163a12a9d40e1a58a726f27a01dfd12a2a"
replace = "rust-crypto 0.2.36 (git+https://github.com/awmath/rust-crypto.git?branch=avx2)"

[[package]]
name = "rust-crypto"
version = "0.2.36"
source = "git+https://github.com/awmath/rust-crypto.git?branch=avx2#394c247254dbe2ac5d44483232cf335d10cf0260"
dependencies = [
 "gcc",
 "libc",
 "rand 0.3.22",
 "rustc-serialize",
 "time",
]

[[package]]
name = "rustc-serialize"
version = "0.3.24"
source = "registry+https://github.com/rust-lang/crates.io-index"
checksum = "dcf128d1287d2ea9d80910b5f1120d0b8eede3fbf1abe91c40d39ea7d51e6fda"

[[package]]
name = "rustc_version"
version = "0.2.2"
source = "registry+https://github.com/rust-lang/crates.io-index"
checksum = "a54aa04a10c68c1c4eacb4337fd883b435997ede17a9385784b990777686b09a"
dependencies = [
 "semver",
]

[[package]]
name = "safemem"
version = "0.2.0"
source = "registry+https://github.com/rust-lang/crates.io-index"
checksum = "e27a8b19b835f7aea908818e871f5cc3a5a186550c30773be987e155e8163d8f"

[[package]]
name = "scoped-tls"
version = "0.1.1"
source = "registry+https://github.com/rust-lang/crates.io-index"
checksum = "8674d439c964889e2476f474a3bf198cc9e199e77499960893bac5de7e9218a4"

[[package]]
name = "scopeguard"
version = "0.3.3"
source = "registry+https://github.com/rust-lang/crates.io-index"
checksum = "94258f53601af11e6a49f722422f6e3425c52b06245a5cf9bc09908b174f5e27"

[[package]]
name = "semver"
version = "0.9.0"
source = "registry+https://github.com/rust-lang/crates.io-index"
checksum = "1d7eb9ef2c18661902cc47e535f9bc51b78acd254da71d375c2f6720d9a40403"
dependencies = [
 "semver-parser",
]

[[package]]
name = "semver-parser"
version = "0.7.0"
source = "registry+https://github.com/rust-lang/crates.io-index"
checksum = "388a1df253eca08550bef6c72392cfe7c30914bf41df5269b68cbd6ff8f570a3"

[[package]]
name = "serde"
version = "0.9.15"
source = "registry+https://github.com/rust-lang/crates.io-index"
checksum = "34b623917345a631dc9608d5194cc206b3fe6c3554cd1c75b937e55e285254af"

[[package]]
name = "serde"
version = "1.0.43"
source = "registry+https://github.com/rust-lang/crates.io-index"
checksum = "0c855d888276f20d140223bd06515e5bf1647fd6d02593cb5792466d9a8ec2d0"
dependencies = [
 "serde_derive 1.0.43",
]

[[package]]
name = "serde_codegen_internals"
version = "0.14.2"
source = "registry+https://github.com/rust-lang/crates.io-index"
checksum = "bc888bd283bd2420b16ad0d860e35ad8acb21941180a83a189bb2046f9d00400"
dependencies = [
 "syn 0.11.11",
]

[[package]]
name = "serde_derive"
version = "0.9.15"
source = "registry+https://github.com/rust-lang/crates.io-index"
checksum = "978fd866f4d4872084a81ccc35e275158351d3b9fe620074e7d7504b816b74ba"
dependencies = [
 "quote 0.3.15",
 "serde_codegen_internals",
 "syn 0.11.11",
]

[[package]]
name = "serde_derive"
version = "1.0.43"
source = "registry+https://github.com/rust-lang/crates.io-index"
checksum = "aa113e5fc4b008a626ba2bbd41330b56c9987d667f79f7b243e5a2d03d91ed1c"
dependencies = [
 "proc-macro2",
 "quote 0.5.2",
 "serde_derive_internals",
 "syn 0.13.4",
]

[[package]]
name = "serde_derive_internals"
version = "0.23.1"
source = "registry+https://github.com/rust-lang/crates.io-index"
checksum = "9d30c4596450fd7bbda79ef15559683f9a79ac0193ea819db90000d7e1cae794"
dependencies = [
 "proc-macro2",
 "syn 0.13.4",
]

[[package]]
name = "serde_json"
version = "0.9.10"
source = "registry+https://github.com/rust-lang/crates.io-index"
checksum = "ad8bcf487be7d2e15d3d543f04312de991d631cfe1b43ea0ade69e6a8a5b16a1"
dependencies = [
 "dtoa",
 "itoa",
 "num-traits 0.1.43",
 "serde 0.9.15",
]

[[package]]
name = "shannon"
version = "0.2.0"
source = "registry+https://github.com/rust-lang/crates.io-index"
checksum = "7ea5b41c9427b56caa7b808cb548a04fb50bb5b9e98590b53f28064ff4174561"
dependencies = [
 "byteorder 1.2.2",
]

[[package]]
name = "slab"
version = "0.3.0"
source = "registry+https://github.com/rust-lang/crates.io-index"
checksum = "17b4fcaed89ab08ef143da37bc52adbcc04d4a69014f4c1208d6b51f0c47bc23"

[[package]]
name = "slab"
version = "0.4.0"
source = "registry+https://github.com/rust-lang/crates.io-index"
checksum = "fdeff4cd9ecff59ec7e3744cbca73dfe5ac35c2aedb2cfba8a1c715a18912e9d"

[[package]]
name = "smallvec"
version = "0.2.1"
source = "registry+https://github.com/rust-lang/crates.io-index"
checksum = "4c8cbcd6df1e117c2210e13ab5109635ad68a929fcbb8964dc965b76cb5ee013"

[[package]]
name = "smallvec"
version = "0.6.5"
source = "registry+https://github.com/rust-lang/crates.io-index"
checksum = "153ffa32fd170e9944f7e0838edf824a754ec4c1fc64746fcc9fe1f8fa602e5d"
dependencies = [
 "unreachable",
]

[[package]]
name = "socket2"
version = "0.2.4"
source = "registry+https://github.com/rust-lang/crates.io-index"
checksum = "36b4896961171cd3317c7e9603d88f379f8c6e45342212235d356496680c68fd"
dependencies = [
 "cfg-if",
 "kernel32-sys",
 "libc",
 "winapi 0.2.8",
 "ws2_32-sys",
]

[[package]]
name = "socket2"
version = "0.3.6"
source = "registry+https://github.com/rust-lang/crates.io-index"
checksum = "06dc9f86ee48652b7c80f3d254e3b9accb67a928c562c64d10d7b016d3d98dab"
dependencies = [
 "cfg-if",
 "libc",
 "redox_syscall",
 "winapi 0.3.4",
]

[[package]]
name = "syn"
version = "0.11.11"
source = "registry+https://github.com/rust-lang/crates.io-index"
checksum = "d3b891b9015c88c576343b9b3e41c2c11a51c219ef067b264bd9c8aa9b441dad"
dependencies = [
 "quote 0.3.15",
 "synom",
 "unicode-xid 0.0.4",
]

[[package]]
name = "syn"
version = "0.13.4"
source = "registry+https://github.com/rust-lang/crates.io-index"
checksum = "90d5efaad92a0f96c629ae16302cc9591915930fd49ff0dcc6b4cde146782397"
dependencies = [
 "proc-macro2",
 "quote 0.5.2",
 "unicode-xid 0.1.0",
]

[[package]]
name = "synom"
version = "0.11.3"
source = "registry+https://github.com/rust-lang/crates.io-index"
checksum = "a393066ed9010ebaed60b9eafa373d4b1baac186dd7e008555b0f702b51945b6"
dependencies = [
 "unicode-xid 0.0.4",
]

[[package]]
name = "take"
version = "0.1.0"
source = "registry+https://github.com/rust-lang/crates.io-index"
checksum = "b157868d8ac1f56b64604539990685fa7611d8fa9e5476cf0c02cf34d32917c5"

[[package]]
name = "tempdir"
version = "0.3.7"
source = "registry+https://github.com/rust-lang/crates.io-index"
checksum = "15f2b5fb00ccdf689e0149d1b1b3c03fead81c2b37735d812fa8bddbbf41b6d8"
dependencies = [
 "rand 0.4.2",
 "remove_dir_all",
]

[[package]]
name = "tempfile"
version = "2.2.0"
source = "registry+https://github.com/rust-lang/crates.io-index"
checksum = "11ce2fe9db64b842314052e2421ac61a73ce41b898dc8e3750398b219c5fc1e0"
dependencies = [
 "kernel32-sys",
 "libc",
 "rand 0.3.22",
 "redox_syscall",
 "winapi 0.2.8",
]

[[package]]
name = "termios"
version = "0.2.2"
source = "registry+https://github.com/rust-lang/crates.io-index"
checksum = "d5d9cf598a6d7ce700a4e6a9199da127e6819a61e64b68609683cc9a01b5683a"
dependencies = [
 "libc",
]

[[package]]
name = "thread_local"
version = "0.3.5"
source = "registry+https://github.com/rust-lang/crates.io-index"
checksum = "279ef31c19ededf577bfd12dfae728040a21f635b06a24cd670ff510edd38963"
dependencies = [
 "lazy_static 1.0.0",
 "unreachable",
]

[[package]]
name = "time"
version = "0.1.39"
source = "registry+https://github.com/rust-lang/crates.io-index"
checksum = "a15375f1df02096fb3317256ce2cee6a1f42fc84ea5ad5fc8c421cfe40c73098"
dependencies = [
 "libc",
 "redox_syscall",
 "winapi 0.3.4",
]

[[package]]
name = "tokio"
version = "0.1.5"
source = "registry+https://github.com/rust-lang/crates.io-index"
checksum = "be15ef40f675c9fe66e354d74c73f3ed012ca1aa14d65846a33ee48f1ae8d922"
dependencies = [
 "futures",
 "mio",
 "tokio-executor",
 "tokio-io",
 "tokio-reactor",
 "tokio-tcp",
 "tokio-threadpool",
 "tokio-timer",
 "tokio-udp",
]

[[package]]
name = "tokio-core"
version = "0.1.17"
source = "registry+https://github.com/rust-lang/crates.io-index"
checksum = "aeeffbbb94209023feaef3c196a41cbcdafa06b4a6f893f68779bb5e53796f71"
dependencies = [
 "bytes",
 "futures",
 "iovec",
 "log 0.4.1",
 "mio",
 "scoped-tls",
 "tokio",
 "tokio-executor",
 "tokio-io",
 "tokio-reactor",
 "tokio-timer",
]

[[package]]
name = "tokio-executor"
version = "0.1.2"
source = "registry+https://github.com/rust-lang/crates.io-index"
checksum = "8cac2a7883ff3567e9d66bb09100d09b33d90311feca0206c7ca034bc0c55113"
dependencies = [
 "futures",
]

[[package]]
name = "tokio-io"
version = "0.1.6"
source = "registry+https://github.com/rust-lang/crates.io-index"
checksum = "6af9eb326f64b2d6b68438e1953341e00ab3cf54de7e35d92bfc73af8555313a"
dependencies = [
 "bytes",
 "futures",
 "log 0.4.1",
]

[[package]]
name = "tokio-process"
version = "0.2.2"
source = "registry+https://github.com/rust-lang/crates.io-index"
checksum = "0832648d1ff7ca42c06ca45dc76797b92c56500de828e33c77276fa1449947b6"
dependencies = [
 "futures",
 "libc",
 "mio",
 "mio-named-pipes",
 "tokio-io",
 "tokio-reactor",
 "tokio-signal 0.2.5",
 "winapi 0.3.4",
]

[[package]]
name = "tokio-proto"
version = "0.1.1"
source = "registry+https://github.com/rust-lang/crates.io-index"
checksum = "8fbb47ae81353c63c487030659494b295f6cb6576242f907f203473b191b0389"
dependencies = [
 "futures",
 "log 0.3.9",
 "net2",
 "rand 0.3.22",
 "slab 0.3.0",
 "smallvec 0.2.1",
 "take",
 "tokio-core",
 "tokio-io",
 "tokio-service",
]

[[package]]
name = "tokio-reactor"
version = "0.1.1"
source = "registry+https://github.com/rust-lang/crates.io-index"
checksum = "b3cedc8e5af5131dc3423ffa4f877cce78ad25259a9a62de0613735a13ebc64b"
dependencies = [
 "futures",
 "log 0.4.1",
 "mio",
 "slab 0.4.0",
 "tokio-executor",
 "tokio-io",
]

[[package]]
name = "tokio-service"
version = "0.1.0"
source = "registry+https://github.com/rust-lang/crates.io-index"
checksum = "24da22d077e0f15f55162bdbdc661228c1581892f52074fb242678d015b45162"
dependencies = [
 "futures",
]

[[package]]
name = "tokio-signal"
version = "0.1.5"
source = "registry+https://github.com/rust-lang/crates.io-index"
checksum = "e8f46863230f9a05cf52d173721ec391b9c5782a2465f593029922b8782b9ffe"
dependencies = [
 "futures",
 "libc",
 "mio",
 "mio-uds",
 "tokio-core",
 "tokio-io",
 "winapi 0.3.4",
]

[[package]]
name = "tokio-signal"
version = "0.2.5"
source = "registry+https://github.com/rust-lang/crates.io-index"
checksum = "b6893092932264944edee8486d54b578c7098bea794aedaf9bd7947b49e6b7bf"
dependencies = [
 "futures",
 "libc",
 "mio",
 "mio-uds",
 "tokio-executor",
 "tokio-io",
 "tokio-reactor",
 "winapi 0.3.4",
]

[[package]]
name = "tokio-tcp"
version = "0.1.0"
source = "registry+https://github.com/rust-lang/crates.io-index"
checksum = "ec9b094851aadd2caf83ba3ad8e8c4ce65a42104f7b94d9e6550023f0407853f"
dependencies = [
 "bytes",
 "futures",
 "iovec",
 "mio",
 "tokio-io",
 "tokio-reactor",
]

[[package]]
name = "tokio-threadpool"
version = "0.1.2"
source = "registry+https://github.com/rust-lang/crates.io-index"
checksum = "bf3d05cdd6a78005e535d2b27c21521bdf91fbb321027a62d8e178929d18966d"
dependencies = [
 "crossbeam-deque",
 "futures",
 "log 0.4.1",
 "num_cpus",
 "rand 0.4.2",
 "tokio-executor",
]

[[package]]
name = "tokio-timer"
version = "0.2.1"
source = "registry+https://github.com/rust-lang/crates.io-index"
checksum = "29a89e4ad0c8f1e4c9860e605c38c69bfdad3cccd4ea446e58ff588c1c07a397"
dependencies = [
 "futures",
 "tokio-executor",
]

[[package]]
name = "tokio-udp"
version = "0.1.0"
source = "registry+https://github.com/rust-lang/crates.io-index"
checksum = "137bda266504893ac4774e0ec4c2108f7ccdbcb7ac8dced6305fe9e4e0b5041a"
dependencies = [
 "bytes",
 "futures",
 "log 0.4.1",
 "mio",
 "tokio-io",
 "tokio-reactor",
]

[[package]]
name = "tremor"
version = "0.1.0"
source = "git+https://github.com/plietar/rust-tremor#5958cc302e78f535dad90e9665da981ddff4000a"
dependencies = [
 "libc",
 "tremor-sys",
]

[[package]]
name = "tremor-sys"
version = "0.1.0"
source = "git+https://github.com/plietar/rust-tremor#5958cc302e78f535dad90e9665da981ddff4000a"
dependencies = [
 "gcc",
 "libc",
 "ogg-sys",
 "pkg-config",
]

[[package]]
name = "ucd-util"
version = "0.1.1"
source = "registry+https://github.com/rust-lang/crates.io-index"
checksum = "fd2be2d6639d0f8fe6cdda291ad456e23629558d466e2789d2c3e9892bda285d"

[[package]]
name = "unicase"
version = "2.1.0"
source = "registry+https://github.com/rust-lang/crates.io-index"
checksum = "284b6d3db520d67fbe88fd778c21510d1b0ba4a551e5d0fbb023d33405f6de8a"
dependencies = [
 "version_check",
]

[[package]]
name = "unicode-bidi"
version = "0.3.4"
source = "registry+https://github.com/rust-lang/crates.io-index"
checksum = "49f2bd0c6468a8230e1db229cff8029217cf623c767ea5d60bfbd42729ea54d5"
dependencies = [
 "matches",
]

[[package]]
name = "unicode-normalization"
version = "0.1.5"
source = "registry+https://github.com/rust-lang/crates.io-index"
checksum = "51ccda9ef9efa3f7ef5d91e8f9b83bbe6955f9bf86aec89d5cce2c874625920f"

[[package]]
name = "unicode-xid"
version = "0.0.4"
source = "registry+https://github.com/rust-lang/crates.io-index"
checksum = "8c1f860d7d29cf02cb2f3f359fd35991af3d30bac52c57d265a3c461074cb4dc"

[[package]]
name = "unicode-xid"
version = "0.1.0"
source = "registry+https://github.com/rust-lang/crates.io-index"
checksum = "fc72304796d0818e357ead4e000d19c9c174ab23dc11093ac919054d20a6a7fc"

[[package]]
name = "unreachable"
version = "1.0.0"
source = "registry+https://github.com/rust-lang/crates.io-index"
checksum = "382810877fe448991dfc7f0dd6e3ae5d58088fd0ea5e35189655f84e6814fa56"
dependencies = [
 "void",
]

[[package]]
name = "url"
version = "1.7.0"
source = "registry+https://github.com/rust-lang/crates.io-index"
checksum = "f808aadd8cfec6ef90e4a14eb46f24511824d1ac596b9682703c87056c8678b7"
dependencies = [
 "idna",
 "matches",
 "percent-encoding",
]

[[package]]
name = "utf8-ranges"
version = "1.0.0"
source = "registry+https://github.com/rust-lang/crates.io-index"
checksum = "662fab6525a98beff2921d7f61a39e7d59e0b425ebc7d0d9e66d316e55124122"

[[package]]
name = "uuid"
version = "0.4.0"
source = "registry+https://github.com/rust-lang/crates.io-index"
checksum = "7cfec50b0842181ba6e713151b72f4ec84a6a7e2c9c8a8a3ffc37bb1cd16b231"
dependencies = [
 "rand 0.3.22",
]

[[package]]
name = "vergen"
version = "0.1.1"
source = "registry+https://github.com/rust-lang/crates.io-index"
checksum = "8c3365f36c57e5df714a34be40902b27a992eeddb9996eca52d0584611cf885d"
dependencies = [
 "bitflags 0.7.0",
 "time",
]

[[package]]
name = "version_check"
version = "0.1.3"
source = "registry+https://github.com/rust-lang/crates.io-index"
checksum = "6b772017e347561807c1aa192438c5fd74242a670a6cffacc40f2defd1dc069d"

[[package]]
name = "void"
version = "1.0.2"
source = "registry+https://github.com/rust-lang/crates.io-index"
checksum = "6a02e4885ed3bc0f2de90ea6dd45ebcbb66dacffe03547fadbb0eeae2770887d"

[[package]]
name = "vorbis"
version = "0.1.0"
source = "registry+https://github.com/rust-lang/crates.io-index"
checksum = "760993e54524128b88d4d7aff09c773c2f16a9f18db3c8ae1ccca5afd1287656"
dependencies = [
 "libc",
 "ogg-sys",
 "rand 0.3.22",
 "vorbis-encoder",
 "vorbis-sys",
 "vorbisfile-sys",
]

[[package]]
name = "vorbis-encoder"
version = "0.1.4"
source = "registry+https://github.com/rust-lang/crates.io-index"
checksum = "3fb66bcdde056dd230991bb86669a1269778fe8ad1f6cee403428ac7985391bc"
dependencies = [
 "gcc",
 "libc",
 "ogg-sys",
 "pkg-config",
 "vorbis-sys",
]

[[package]]
name = "vorbis-sys"
version = "0.0.8"
source = "registry+https://github.com/rust-lang/crates.io-index"
checksum = "729e1f15395850b4e6d19ca0cd1d42ef44707503a53b69d40ff49182b3c5589d"
dependencies = [
 "gcc",
 "libc",
 "ogg-sys",
 "pkg-config",
]

[[package]]
name = "vorbisfile-sys"
version = "0.0.8"
source = "registry+https://github.com/rust-lang/crates.io-index"
checksum = "4f4306d7e1ac4699b55e20de9483750b90c250913188efd7484db6bfbe9042d1"
dependencies = [
 "gcc",
 "libc",
 "ogg-sys",
 "pkg-config",
 "vorbis-sys",
]

[[package]]
name = "winapi"
version = "0.2.8"
source = "registry+https://github.com/rust-lang/crates.io-index"
checksum = "167dc9d6949a9b857f3451275e911c3f44255842c1f7a76f33c55103a909087a"

[[package]]
name = "winapi"
version = "0.3.4"
source = "registry+https://github.com/rust-lang/crates.io-index"
checksum = "04e3bd221fcbe8a271359c04f21a76db7d0c6028862d1bb5512d85e1e2eb5bb3"
dependencies = [
 "winapi-i686-pc-windows-gnu",
 "winapi-x86_64-pc-windows-gnu",
]

[[package]]
name = "winapi-build"
version = "0.1.1"
source = "registry+https://github.com/rust-lang/crates.io-index"
checksum = "2d315eee3b34aca4797b2da6b13ed88266e6d612562a0c46390af8299fc699bc"

[[package]]
name = "winapi-i686-pc-windows-gnu"
version = "0.4.0"
source = "registry+https://github.com/rust-lang/crates.io-index"
checksum = "ac3b87c63620426dd9b991e5ce0329eff545bccbbb34f3be09ff6fb6ab51b7b6"

[[package]]
name = "winapi-x86_64-pc-windows-gnu"
version = "0.4.0"
source = "registry+https://github.com/rust-lang/crates.io-index"
checksum = "712e227841d057c1ee1cd2fb22fa7e5a5461ae8e48fa2ca79ec42cfc1931183f"

[[package]]
name = "ws2_32-sys"
version = "0.2.1"
source = "registry+https://github.com/rust-lang/crates.io-index"
checksum = "d59cefebd0c892fa2dd6de581e937301d8552cb44489cdff035c6187cb63fa5e"
dependencies = [
 "winapi 0.2.8",
 "winapi-build",
]
